
Microsoft Visual Studio Solution File, Format Version 12.00
# Visual Studio Version 17
VisualStudioVersion = 17.3.32825.248
MinimumVisualStudioVersion = 10.0.40219.1
Project("{FAE04EC0-301F-11D3-BF4B-00C04F79EFBC}") = "Factory_Method_Design", "Factory_Method_Design\Factory_Method_Design.csproj", "{D6919F11-B604-4496-96A4-36F6FBAAD59D}"
EndProject
Global
	GlobalSection(SolutionConfigurationPlatforms) = preSolution
		Debug|Any CPU = Debug|Any CPU
		Release|Any CPU = Release|Any CPU
	EndGlobalSection
	GlobalSection(ProjectConfigurationPlatforms) = postSolution
		{D6919F11-B604-4496-96A4-36F6FBAAD59D}.Debug|Any CPU.ActiveCfg = Debug|Any CPU
		{D6919F11-B604-4496-96A4-36F6FBAAD59D}.Debug|Any CPU.Build.0 = Debug|Any CPU
		{D6919F11-B604-4496-96A4-36F6FBAAD59D}.Release|Any CPU.ActiveCfg = Release|Any CPU
		{D6919F11-B604-4496-96A4-36F6FBAAD59D}.Release|Any CPU.Build.0 = Release|Any CPU
	EndGlobalSection
	GlobalSection(SolutionProperties) = preSolution
		HideSolutionNode = FALSE
	EndGlobalSection
	GlobalSection(ExtensibilityGlobals) = postSolution
		SolutionGuid = {7C38CBE2-DE18-4551-AA2F-584612B88B0C}
	EndGlobalSection
EndGlobal
